
Microsoft Visual Studio Solution File, Format Version 12.00
# Visual Studio Version 16
VisualStudioVersion = 16.0.30907.101
MinimumVisualStudioVersion = 10.0.40219.1
Project("{F2A71F9B-5D33-465A-A702-920D77279786}") = "Enums", "Enums\Enums.fsproj", "{DA5ED26F-EF63-4C6F-8E96-15E13B1C59D0}"
EndProject
Global
	GlobalSection(SolutionConfigurationPlatforms) = preSolution
		Debug|Any CPU = Debug|Any CPU
		Release|Any CPU = Release|Any CPU
	EndGlobalSection
	GlobalSection(ProjectConfigurationPlatforms) = postSolution
		{DA5ED26F-EF63-4C6F-8E96-15E13B1C59D0}.Debug|Any CPU.ActiveCfg = Debug|Any CPU
		{DA5ED26F-EF63-4C6F-8E96-15E13B1C59D0}.Debug|Any CPU.Build.0 = Debug|Any CPU
		{DA5ED26F-EF63-4C6F-8E96-15E13B1C59D0}.Release|Any CPU.ActiveCfg = Release|Any CPU
		{DA5ED26F-EF63-4C6F-8E96-15E13B1C59D0}.Release|Any CPU.Build.0 = Release|Any CPU
	EndGlobalSection
	GlobalSection(SolutionProperties) = preSolution
		HideSolutionNode = FALSE
	EndGlobalSection
	GlobalSection(ExtensibilityGlobals) = postSolution
		SolutionGuid = {54AE3E3D-47D6-417A-AB35-04F78D5A6FBB}
	EndGlobalSection
EndGlobal
