
Microsoft Visual Studio Solution File, Format Version 12.00
# Visual Studio Version 16
VisualStudioVersion = 16.0.30907.101
MinimumVisualStudioVersion = 10.0.40219.1
Project("{F2A71F9B-5D33-465A-A702-920D77279786}") = "Bindings and Mutables", "Bindings and Mutables\Bindings and Mutables.fsproj", "{22644400-7AC9-4662-9AF9-2A9E708A32C4}"
EndProject
Global
	GlobalSection(SolutionConfigurationPlatforms) = preSolution
		Debug|Any CPU = Debug|Any CPU
		Release|Any CPU = Release|Any CPU
	EndGlobalSection
	GlobalSection(ProjectConfigurationPlatforms) = postSolution
		{22644400-7AC9-4662-9AF9-2A9E708A32C4}.Debug|Any CPU.ActiveCfg = Debug|Any CPU
		{22644400-7AC9-4662-9AF9-2A9E708A32C4}.Debug|Any CPU.Build.0 = Debug|Any CPU
		{22644400-7AC9-4662-9AF9-2A9E708A32C4}.Release|Any CPU.ActiveCfg = Release|Any CPU
		{22644400-7AC9-4662-9AF9-2A9E708A32C4}.Release|Any CPU.Build.0 = Release|Any CPU
	EndGlobalSection
	GlobalSection(SolutionProperties) = preSolution
		HideSolutionNode = FALSE
	EndGlobalSection
	GlobalSection(ExtensibilityGlobals) = postSolution
		SolutionGuid = {C46C37A6-52FF-41C7-8C84-2D2DBE4AFE4B}
	EndGlobalSection
EndGlobal
