
Microsoft Visual Studio Solution File, Format Version 12.00
# Visual Studio Version 16
VisualStudioVersion = 16.0.30907.101
MinimumVisualStudioVersion = 10.0.40219.1
Project("{F2A71F9B-5D33-465A-A702-920D77279786}") = "BSharp++", "BSharp++\BSharp++.fsproj", "{7E73FECA-5DC9-4E61-913B-6F44DBCC32A9}"
EndProject
Global
	GlobalSection(SolutionConfigurationPlatforms) = preSolution
		Debug|Any CPU = Debug|Any CPU
		Release|Any CPU = Release|Any CPU
	EndGlobalSection
	GlobalSection(ProjectConfigurationPlatforms) = postSolution
		{7E73FECA-5DC9-4E61-913B-6F44DBCC32A9}.Debug|Any CPU.ActiveCfg = Debug|Any CPU
		{7E73FECA-5DC9-4E61-913B-6F44DBCC32A9}.Debug|Any CPU.Build.0 = Debug|Any CPU
		{7E73FECA-5DC9-4E61-913B-6F44DBCC32A9}.Release|Any CPU.ActiveCfg = Release|Any CPU
		{7E73FECA-5DC9-4E61-913B-6F44DBCC32A9}.Release|Any CPU.Build.0 = Release|Any CPU
	EndGlobalSection
	GlobalSection(SolutionProperties) = preSolution
		HideSolutionNode = FALSE
	EndGlobalSection
	GlobalSection(ExtensibilityGlobals) = postSolution
		SolutionGuid = {CE9675C4-C373-4603-92B1-0491335EC5BF}
	EndGlobalSection
EndGlobal
