
Microsoft Visual Studio Solution File, Format Version 12.00
# Visual Studio Version 16
VisualStudioVersion = 16.0.30907.101
MinimumVisualStudioVersion = 10.0.40219.1
Project("{F2A71F9B-5D33-465A-A702-920D77279786}") = "Generics", "Generics\Generics.fsproj", "{7D0D0EB3-B031-4325-B819-894510F93EE3}"
EndProject
Global
	GlobalSection(SolutionConfigurationPlatforms) = preSolution
		Debug|Any CPU = Debug|Any CPU
		Release|Any CPU = Release|Any CPU
	EndGlobalSection
	GlobalSection(ProjectConfigurationPlatforms) = postSolution
		{7D0D0EB3-B031-4325-B819-894510F93EE3}.Debug|Any CPU.ActiveCfg = Debug|Any CPU
		{7D0D0EB3-B031-4325-B819-894510F93EE3}.Debug|Any CPU.Build.0 = Debug|Any CPU
		{7D0D0EB3-B031-4325-B819-894510F93EE3}.Release|Any CPU.ActiveCfg = Release|Any CPU
		{7D0D0EB3-B031-4325-B819-894510F93EE3}.Release|Any CPU.Build.0 = Release|Any CPU
	EndGlobalSection
	GlobalSection(SolutionProperties) = preSolution
		HideSolutionNode = FALSE
	EndGlobalSection
	GlobalSection(ExtensibilityGlobals) = postSolution
		SolutionGuid = {0B4A9D8F-9533-46C3-AA48-EA71D516BCF7}
	EndGlobalSection
EndGlobal
